
Microsoft Visual Studio Solution File, Format Version 12.00
# Visual Studio Version 17
VisualStudioVersion = 17.14.36518.9 d17.14
MinimumVisualStudioVersion = 10.0.40219.1
Project("{2150E333-8FDC-42A3-9474-1A3956D46DE8}") = "Task0", "Task0", "{02EA681E-C7D8-13C7-8484-4AC65E1B71E8}"
EndProject
Project("{2150E333-8FDC-42A3-9474-1A3956D46DE8}") = "Task1", "Task1", "{0D836B68-6568-4B2F-97E3-CA9A70550808}"
EndProject
Project("{2150E333-8FDC-42A3-9474-1A3956D46DE8}") = "Task2", "Task2", "{35F1742E-E9C3-4BCB-AB3A-7B01078DEE64}"
EndProject
Project("{2150E333-8FDC-42A3-9474-1A3956D46DE8}") = "Task3", "Task3", "{1D81C124-1D5B-4E6B-BDCD-3CCACF3DC2B1}"
EndProject
Project("{2150E333-8FDC-42A3-9474-1A3956D46DE8}") = "Task4", "Task4", "{84549CC2-7BFB-4529-90CD-AF2892DCDF01}"
EndProject
Project("{2150E333-8FDC-42A3-9474-1A3956D46DE8}") = "Task5", "Task5", "{E00C59D4-D2A7-4581-8C29-E4FE67959382}"
EndProject
Project("{2150E333-8FDC-42A3-9474-1A3956D46DE8}") = "Task6", "Task6", "{9294381E-F7F7-49AA-8E76-AD2698D57D66}"
EndProject
Project("{2150E333-8FDC-42A3-9474-1A3956D46DE8}") = "Task7", "Task7", "{55791BE7-BF37-487D-84AF-26D7171E364A}"
EndProject
Project("{FAE04EC0-301F-11D3-BF4B-00C04F79EFBC}") = "Tyuiu.TumashenkinYA.Sprint5.Task0.V9", "Tyuiu.TumashenkinYA.Sprint5.Task0.V9\Tyuiu.TumashenkinYA.Sprint5.Task0.V9.csproj", "{04B38F86-83F2-434B-A1A9-846311854AD3}"
EndProject
Project("{FAE04EC0-301F-11D3-BF4B-00C04F79EFBC}") = "Tyuiu.TumashenkinYA.Sprint5.Task0.V9.Test", "Tyuiu.TumashenkinYA.Sprint5.Task0.V9.Test\Tyuiu.TumashenkinYA.Sprint5.Task0.V9.Test.csproj", "{304D4FC8-0782-4057-9A47-92B04D8B1D7B}"
EndProject
Project("{FAE04EC0-301F-11D3-BF4B-00C04F79EFBC}") = "Tyuiu.TumashenkinYA.Sprint5.Task0.V9.Lib", "Tyuiu.TumashenkinYA.Sprint5.Task0.V9.Lib\Tyuiu.TumashenkinYA.Sprint5.Task0.V9.Lib.csproj", "{8CA0C293-A4DF-4909-AEBB-2F8298A6D9F0}"
EndProject
Project("{FAE04EC0-301F-11D3-BF4B-00C04F79EFBC}") = "Tyuiu.TumashenkinYA.Sprint5.Task1.V16", "Tyuiu.TumashenkinYA.Sprint5.Task1.V16\Tyuiu.TumashenkinYA.Sprint5.Task1.V16.csproj", "{5936C42C-BB11-4E3C-95FB-725319DF9315}"
EndProject
Project("{FAE04EC0-301F-11D3-BF4B-00C04F79EFBC}") = "Tyuiu.TumashenkinYA.Sprint5.Task1.V16.Lib", "Tyuiu.TumashenkinYA.Sprint5.Task1.V16.Lib\Tyuiu.TumashenkinYA.Sprint5.Task1.V16.Lib.csproj", "{5A21B536-57D5-4EF4-8170-19EE05E10470}"
EndProject
Project("{FAE04EC0-301F-11D3-BF4B-00C04F79EFBC}") = "Tyuiu.TumashenkinYA.Sprint5.Task1.V16.Test", "Tyuiu.TumashenkinYA.Sprint5.Task1.V16.Test\Tyuiu.TumashenkinYA.Sprint5.Task1.V16.Test.csproj", "{1E7CCB30-C29A-4F91-A4E6-043A90CDBEC4}"
EndProject
Project("{FAE04EC0-301F-11D3-BF4B-00C04F79EFBC}") = "Tyuiu.TumashenkinYA.Sprint5.Task2.V14", "Tyuiu.TumashenkinYA.Sprint5.Task2.V14\Tyuiu.TumashenkinYA.Sprint5.Task2.V14.csproj", "{E0711971-71CE-4530-88ED-86FB894894FD}"
EndProject
Project("{FAE04EC0-301F-11D3-BF4B-00C04F79EFBC}") = "Tyuiu.TumashenkinYA.Sprint5.Task2.V14.Lib", "Tyuiu.TumashenkinYA.Sprint5.Task2.V14.Lib\Tyuiu.TumashenkinYA.Sprint5.Task2.V14.Lib.csproj", "{FA171A00-8D14-4901-A0D5-765C6523AE09}"
EndProject
Project("{FAE04EC0-301F-11D3-BF4B-00C04F79EFBC}") = "Tyuiu.TumashenkinYA.Sprint5.Task2.V14.Test", "Tyuiu.TumashenkinYA.Sprint5.Task2.V14.Test\Tyuiu.TumashenkinYA.Sprint5.Task2.V14.Test.csproj", "{9F928886-BB82-408B-8F63-04050083435E}"
EndProject
Project("{FAE04EC0-301F-11D3-BF4B-00C04F79EFBC}") = "Tyuiu.TumashenkinYA.Sprint5.Task3.V13", "Tyuiu.TumashenkinYA.Sprint5.Task3.V13\Tyuiu.TumashenkinYA.Sprint5.Task3.V13.csproj", "{84988423-7AD5-4023-AD40-20BE98C837F5}"
EndProject
Project("{FAE04EC0-301F-11D3-BF4B-00C04F79EFBC}") = "Tyuiu.TumashenkinYA.Sprint5.Task3.V13.Lib", "Tyuiu.TumashenkinYA.Sprint5.Task3.V13.Lib\Tyuiu.TumashenkinYA.Sprint5.Task3.V13.Lib.csproj", "{53117E44-0EE1-4BAC-88B7-BEB6B1EF1CF6}"
EndProject
Project("{FAE04EC0-301F-11D3-BF4B-00C04F79EFBC}") = "Tyuiu.TumashenkinYA.Sprint5.Task3.V13.Test", "Tyuiu.TumashenkinYA.Sprint5.Task3.V13.Test\Tyuiu.TumashenkinYA.Sprint5.Task3.V13.Test.csproj", "{F22DDA20-1A2E-4EC4-97EC-CB70E178F51C}"
EndProject
Project("{FAE04EC0-301F-11D3-BF4B-00C04F79EFBC}") = "Tyuiu.TumashenkinYA.Sprint5.Task4.V6", "Tyuiu.TumashenkinYA.Sprint5.Task4.V6\Tyuiu.TumashenkinYA.Sprint5.Task4.V6.csproj", "{D43CB8A9-0178-44C7-ABBE-5C08D651284E}"
EndProject
Project("{FAE04EC0-301F-11D3-BF4B-00C04F79EFBC}") = "Tyuiu.TumashenkinYA.Sprint5.Task4.V6.Lib", "Tyuiu.TumashenkinYA.Sprint5.Task4.V6.Lib\Tyuiu.TumashenkinYA.Sprint5.Task4.V6.Lib.csproj", "{A411443E-7977-4190-8D55-F03A67542D2E}"
EndProject
Project("{FAE04EC0-301F-11D3-BF4B-00C04F79EFBC}") = "Tyuiu.TumashenkinYA.Sprint5.Task4.V6.Test", "Tyuiu.TumashenkinYA.Sprint5.Task4.V6.Test\Tyuiu.TumashenkinYA.Sprint5.Task4.V6.Test.csproj", "{55E40C6A-4E6E-4ACA-9169-ACCA19FDCD35}"
EndProject
Project("{FAE04EC0-301F-11D3-BF4B-00C04F79EFBC}") = "Tyuiu.TumashenkinYA.Sprint5.Task5.V18", "Tyuiu.TumashenkinYA.Sprint5.Task5.V18\Tyuiu.TumashenkinYA.Sprint5.Task5.V18.csproj", "{8C4643D7-4AD4-487A-825C-CBA10CF7CDE7}"
EndProject
Project("{FAE04EC0-301F-11D3-BF4B-00C04F79EFBC}") = "Tyuiu.TumashenkinYA.Sprint5.Task5.V18.Lib", "Tyuiu.TumashenkinYA.Sprint5.Task5.V18.Lib\Tyuiu.TumashenkinYA.Sprint5.Task5.V18.Lib.csproj", "{BA4184A9-7752-4DE8-92F6-4A116A7ECD33}"
EndProject
Project("{FAE04EC0-301F-11D3-BF4B-00C04F79EFBC}") = "Tyuiu.TumashenkinYA.Sprint5.Task5.V18.Test", "Tyuiu.TumashenkinYA.Sprint5.Task5.V18.Test\Tyuiu.TumashenkinYA.Sprint5.Task5.V18.Test.csproj", "{314C1D37-9DF5-4CA9-BFF1-C478C6E447B5}"
EndProject
Project("{FAE04EC0-301F-11D3-BF4B-00C04F79EFBC}") = "Tyuiu.TumashenkinYA.Sprint5.Task6.V4", "Tyuiu.TumashenkinYA.Sprint5.Task6.V4\Tyuiu.TumashenkinYA.Sprint5.Task6.V4.csproj", "{0F6F4C11-9C6E-4922-9925-5AA0550B9B74}"
EndProject
Project("{FAE04EC0-301F-11D3-BF4B-00C04F79EFBC}") = "Tyuiu.TumashenkinYA.Sprint5.Task6.V4.Lib", "Tyuiu.TumashenkinYA.Sprint5.Task6.V4.Lib\Tyuiu.TumashenkinYA.Sprint5.Task6.V4.Lib.csproj", "{66DA819F-6687-4F9A-BE33-3F4E665138AB}"
EndProject
Project("{FAE04EC0-301F-11D3-BF4B-00C04F79EFBC}") = "Tyuiu.TumashenkinYA.Sprint5.Task6.V4.Test", "Tyuiu.TumashenkinYA.Sprint5.Task6.V4.Test\Tyuiu.TumashenkinYA.Sprint5.Task6.V4.Test.csproj", "{64EA9FC8-53E5-4D14-8F94-6269F0F473BF}"
EndProject
Project("{FAE04EC0-301F-11D3-BF4B-00C04F79EFBC}") = "Tyuiu.TumashenkinYA.Sprint5.Task7.V2", "Tyuiu.TumashenkinYA.Sprint5.Task7.V2\Tyuiu.TumashenkinYA.Sprint5.Task7.V2.csproj", "{5BC498B9-C99F-4DE8-A722-45EEA9B81CC6}"
EndProject
Project("{FAE04EC0-301F-11D3-BF4B-00C04F79EFBC}") = "Tyuiu.TumashenkinYA.Sprint5.Task7.V2.Lib", "Tyuiu.TumashenkinYA.Sprint5.Task7.V2.Lib\Tyuiu.TumashenkinYA.Sprint5.Task7.V2.Lib.csproj", "{9DBE82B6-3CB4-48BB-97AC-E07B3B7E91B3}"
EndProject
Project("{FAE04EC0-301F-11D3-BF4B-00C04F79EFBC}") = "Tyuiu.TumashenkinYA.Sprint5.Task7.V2.Test", "Tyuiu.TumashenkinYA.Sprint5.Task7.V2.Test\Tyuiu.TumashenkinYA.Sprint5.Task7.V2.Test.csproj", "{E02BF108-F2A3-496C-A8F5-12BBACB800A5}"
EndProject
Global
	GlobalSection(SolutionConfigurationPlatforms) = preSolution
		Debug|Any CPU = Debug|Any CPU
		Release|Any CPU = Release|Any CPU
	EndGlobalSection
	GlobalSection(ProjectConfigurationPlatforms) = postSolution
		{04B38F86-83F2-434B-A1A9-846311854AD3}.Debug|Any CPU.ActiveCfg = Debug|Any CPU
		{04B38F86-83F2-434B-A1A9-846311854AD3}.Debug|Any CPU.Build.0 = Debug|Any CPU
		{04B38F86-83F2-434B-A1A9-846311854AD3}.Release|Any CPU.ActiveCfg = Release|Any CPU
		{04B38F86-83F2-434B-A1A9-846311854AD3}.Release|Any CPU.Build.0 = Release|Any CPU
		{304D4FC8-0782-4057-9A47-92B04D8B1D7B}.Debug|Any CPU.ActiveCfg = Debug|Any CPU
		{304D4FC8-0782-4057-9A47-92B04D8B1D7B}.Debug|Any CPU.Build.0 = Debug|Any CPU
		{304D4FC8-0782-4057-9A47-92B04D8B1D7B}.Release|Any CPU.ActiveCfg = Release|Any CPU
		{304D4FC8-0782-4057-9A47-92B04D8B1D7B}.Release|Any CPU.Build.0 = Release|Any CPU
		{8CA0C293-A4DF-4909-AEBB-2F8298A6D9F0}.Debug|Any CPU.ActiveCfg = Debug|Any CPU
		{8CA0C293-A4DF-4909-AEBB-2F8298A6D9F0}.Debug|Any CPU.Build.0 = Debug|Any CPU
		{8CA0C293-A4DF-4909-AEBB-2F8298A6D9F0}.Release|Any CPU.ActiveCfg = Release|Any CPU
		{8CA0C293-A4DF-4909-AEBB-2F8298A6D9F0}.Release|Any CPU.Build.0 = Release|Any CPU
		{5936C42C-BB11-4E3C-95FB-725319DF9315}.Debug|Any CPU.ActiveCfg = Debug|Any CPU
		{5936C42C-BB11-4E3C-95FB-725319DF9315}.Debug|Any CPU.Build.0 = Debug|Any CPU
		{5936C42C-BB11-4E3C-95FB-725319DF9315}.Release|Any CPU.ActiveCfg = Release|Any CPU
		{5936C42C-BB11-4E3C-95FB-725319DF9315}.Release|Any CPU.Build.0 = Release|Any CPU
		{5A21B536-57D5-4EF4-8170-19EE05E10470}.Debug|Any CPU.ActiveCfg = Debug|Any CPU
		{5A21B536-57D5-4EF4-8170-19EE05E10470}.Debug|Any CPU.Build.0 = Debug|Any CPU
		{5A21B536-57D5-4EF4-8170-19EE05E10470}.Release|Any CPU.ActiveCfg = Release|Any CPU
		{5A21B536-57D5-4EF4-8170-19EE05E10470}.Release|Any CPU.Build.0 = Release|Any CPU
		{1E7CCB30-C29A-4F91-A4E6-043A90CDBEC4}.Debug|Any CPU.ActiveCfg = Debug|Any CPU
		{1E7CCB30-C29A-4F91-A4E6-043A90CDBEC4}.Debug|Any CPU.Build.0 = Debug|Any CPU
		{1E7CCB30-C29A-4F91-A4E6-043A90CDBEC4}.Release|Any CPU.ActiveCfg = Release|Any CPU
		{1E7CCB30-C29A-4F91-A4E6-043A90CDBEC4}.Release|Any CPU.Build.0 = Release|Any CPU
		{E0711971-71CE-4530-88ED-86FB894894FD}.Debug|Any CPU.ActiveCfg = Debug|Any CPU
		{E0711971-71CE-4530-88ED-86FB894894FD}.Debug|Any CPU.Build.0 = Debug|Any CPU
		{E0711971-71CE-4530-88ED-86FB894894FD}.Release|Any CPU.ActiveCfg = Release|Any CPU
		{E0711971-71CE-4530-88ED-86FB894894FD}.Release|Any CPU.Build.0 = Release|Any CPU
		{FA171A00-8D14-4901-A0D5-765C6523AE09}.Debug|Any CPU.ActiveCfg = Debug|Any CPU
		{FA171A00-8D14-4901-A0D5-765C6523AE09}.Debug|Any CPU.Build.0 = Debug|Any CPU
		{FA171A00-8D14-4901-A0D5-765C6523AE09}.Release|Any CPU.ActiveCfg = Release|Any CPU
		{FA171A00-8D14-4901-A0D5-765C6523AE09}.Release|Any CPU.Build.0 = Release|Any CPU
		{9F928886-BB82-408B-8F63-04050083435E}.Debug|Any CPU.ActiveCfg = Debug|Any CPU
		{9F928886-BB82-408B-8F63-04050083435E}.Debug|Any CPU.Build.0 = Debug|Any CPU
		{9F928886-BB82-408B-8F63-04050083435E}.Release|Any CPU.ActiveCfg = Release|Any CPU
		{9F928886-BB82-408B-8F63-04050083435E}.Release|Any CPU.Build.0 = Release|Any CPU
		{84988423-7AD5-4023-AD40-20BE98C837F5}.Debug|Any CPU.ActiveCfg = Debug|Any CPU
		{84988423-7AD5-4023-AD40-20BE98C837F5}.Debug|Any CPU.Build.0 = Debug|Any CPU
		{84988423-7AD5-4023-AD40-20BE98C837F5}.Release|Any CPU.ActiveCfg = Release|Any CPU
		{84988423-7AD5-4023-AD40-20BE98C837F5}.Release|Any CPU.Build.0 = Release|Any CPU
		{53117E44-0EE1-4BAC-88B7-BEB6B1EF1CF6}.Debug|Any CPU.ActiveCfg = Debug|Any CPU
		{53117E44-0EE1-4BAC-88B7-BEB6B1EF1CF6}.Debug|Any CPU.Build.0 = Debug|Any CPU
		{53117E44-0EE1-4BAC-88B7-BEB6B1EF1CF6}.Release|Any CPU.ActiveCfg = Release|Any CPU
		{53117E44-0EE1-4BAC-88B7-BEB6B1EF1CF6}.Release|Any CPU.Build.0 = Release|Any CPU
		{F22DDA20-1A2E-4EC4-97EC-CB70E178F51C}.Debug|Any CPU.ActiveCfg = Debug|Any CPU
		{F22DDA20-1A2E-4EC4-97EC-CB70E178F51C}.Debug|Any CPU.Build.0 = Debug|Any CPU
		{F22DDA20-1A2E-4EC4-97EC-CB70E178F51C}.Release|Any CPU.ActiveCfg = Release|Any CPU
		{F22DDA20-1A2E-4EC4-97EC-CB70E178F51C}.Release|Any CPU.Build.0 = Release|Any CPU
		{D43CB8A9-0178-44C7-ABBE-5C08D651284E}.Debug|Any CPU.ActiveCfg = Debug|Any CPU
		{D43CB8A9-0178-44C7-ABBE-5C08D651284E}.Debug|Any CPU.Build.0 = Debug|Any CPU
		{D43CB8A9-0178-44C7-ABBE-5C08D651284E}.Release|Any CPU.ActiveCfg = Release|Any CPU
		{D43CB8A9-0178-44C7-ABBE-5C08D651284E}.Release|Any CPU.Build.0 = Release|Any CPU
		{A411443E-7977-4190-8D55-F03A67542D2E}.Debug|Any CPU.ActiveCfg = Debug|Any CPU
		{A411443E-7977-4190-8D55-F03A67542D2E}.Debug|Any CPU.Build.0 = Debug|Any CPU
		{A411443E-7977-4190-8D55-F03A67542D2E}.Release|Any CPU.ActiveCfg = Release|Any CPU
		{A411443E-7977-4190-8D55-F03A67542D2E}.Release|Any CPU.Build.0 = Release|Any CPU
		{55E40C6A-4E6E-4ACA-9169-ACCA19FDCD35}.Debug|Any CPU.ActiveCfg = Debug|Any CPU
		{55E40C6A-4E6E-4ACA-9169-ACCA19FDCD35}.Debug|Any CPU.Build.0 = Debug|Any CPU
		{55E40C6A-4E6E-4ACA-9169-ACCA19FDCD35}.Release|Any CPU.ActiveCfg = Release|Any CPU
		{55E40C6A-4E6E-4ACA-9169-ACCA19FDCD35}.Release|Any CPU.Build.0 = Release|Any CPU
		{8C4643D7-4AD4-487A-825C-CBA10CF7CDE7}.Debug|Any CPU.ActiveCfg = Debug|Any CPU
		{8C4643D7-4AD4-487A-825C-CBA10CF7CDE7}.Debug|Any CPU.Build.0 = Debug|Any CPU
		{8C4643D7-4AD4-487A-825C-CBA10CF7CDE7}.Release|Any CPU.ActiveCfg = Release|Any CPU
		{8C4643D7-4AD4-487A-825C-CBA10CF7CDE7}.Release|Any CPU.Build.0 = Release|Any CPU
		{BA4184A9-7752-4DE8-92F6-4A116A7ECD33}.Debug|Any CPU.ActiveCfg = Debug|Any CPU
		{BA4184A9-7752-4DE8-92F6-4A116A7ECD33}.Debug|Any CPU.Build.0 = Debug|Any CPU
		{BA4184A9-7752-4DE8-92F6-4A116A7ECD33}.Release|Any CPU.ActiveCfg = Release|Any CPU
		{BA4184A9-7752-4DE8-92F6-4A116A7ECD33}.Release|Any CPU.Build.0 = Release|Any CPU
		{314C1D37-9DF5-4CA9-BFF1-C478C6E447B5}.Debug|Any CPU.ActiveCfg = Debug|Any CPU
		{314C1D37-9DF5-4CA9-BFF1-C478C6E447B5}.Debug|Any CPU.Build.0 = Debug|Any CPU
		{314C1D37-9DF5-4CA9-BFF1-C478C6E447B5}.Release|Any CPU.ActiveCfg = Release|Any CPU
		{314C1D37-9DF5-4CA9-BFF1-C478C6E447B5}.Release|Any CPU.Build.0 = Release|Any CPU
		{0F6F4C11-9C6E-4922-9925-5AA0550B9B74}.Debug|Any CPU.ActiveCfg = Debug|Any CPU
		{0F6F4C11-9C6E-4922-9925-5AA0550B9B74}.Debug|Any CPU.Build.0 = Debug|Any CPU
		{0F6F4C11-9C6E-4922-9925-5AA0550B9B74}.Release|Any CPU.ActiveCfg = Release|Any CPU
		{0F6F4C11-9C6E-4922-9925-5AA0550B9B74}.Release|Any CPU.Build.0 = Release|Any CPU
		{66DA819F-6687-4F9A-BE33-3F4E665138AB}.Debug|Any CPU.ActiveCfg = Debug|Any CPU
		{66DA819F-6687-4F9A-BE33-3F4E665138AB}.Debug|Any CPU.Build.0 = Debug|Any CPU
		{66DA819F-6687-4F9A-BE33-3F4E665138AB}.Release|Any CPU.ActiveCfg = Release|Any CPU
		{66DA819F-6687-4F9A-BE33-3F4E665138AB}.Release|Any CPU.Build.0 = Release|Any CPU
		{64EA9FC8-53E5-4D14-8F94-6269F0F473BF}.Debug|Any CPU.ActiveCfg = Debug|Any CPU
		{64EA9FC8-53E5-4D14-8F94-6269F0F473BF}.Debug|Any CPU.Build.0 = Debug|Any CPU
		{64EA9FC8-53E5-4D14-8F94-6269F0F473BF}.Release|Any CPU.ActiveCfg = Release|Any CPU
		{64EA9FC8-53E5-4D14-8F94-6269F0F473BF}.Release|Any CPU.Build.0 = Release|Any CPU
		{5BC498B9-C99F-4DE8-A722-45EEA9B81CC6}.Debug|Any CPU.ActiveCfg = Debug|Any CPU
		{5BC498B9-C99F-4DE8-A722-45EEA9B81CC6}.Debug|Any CPU.Build.0 = Debug|Any CPU
		{5BC498B9-C99F-4DE8-A722-45EEA9B81CC6}.Release|Any CPU.ActiveCfg = Release|Any CPU
		{5BC498B9-C99F-4DE8-A722-45EEA9B81CC6}.Release|Any CPU.Build.0 = Release|Any CPU
		{9DBE82B6-3CB4-48BB-97AC-E07B3B7E91B3}.Debug|Any CPU.ActiveCfg = Debug|Any CPU
		{9DBE82B6-3CB4-48BB-97AC-E07B3B7E91B3}.Debug|Any CPU.Build.0 = Debug|Any CPU
		{9DBE82B6-3CB4-48BB-97AC-E07B3B7E91B3}.Release|Any CPU.ActiveCfg = Release|Any CPU
		{9DBE82B6-3CB4-48BB-97AC-E07B3B7E91B3}.Release|Any CPU.Build.0 = Release|Any CPU
		{E02BF108-F2A3-496C-A8F5-12BBACB800A5}.Debug|Any CPU.ActiveCfg = Debug|Any CPU
		{E02BF108-F2A3-496C-A8F5-12BBACB800A5}.Debug|Any CPU.Build.0 = Debug|Any CPU
		{E02BF108-F2A3-496C-A8F5-12BBACB800A5}.Release|Any CPU.ActiveCfg = Release|Any CPU
		{E02BF108-F2A3-496C-A8F5-12BBACB800A5}.Release|Any CPU.Build.0 = Release|Any CPU
	EndGlobalSection
	GlobalSection(SolutionProperties) = preSolution
		HideSolutionNode = FALSE
	EndGlobalSection
	GlobalSection(NestedProjects) = preSolution
		{04B38F86-83F2-434B-A1A9-846311854AD3} = {02EA681E-C7D8-13C7-8484-4AC65E1B71E8}
		{304D4FC8-0782-4057-9A47-92B04D8B1D7B} = {02EA681E-C7D8-13C7-8484-4AC65E1B71E8}
		{8CA0C293-A4DF-4909-AEBB-2F8298A6D9F0} = {02EA681E-C7D8-13C7-8484-4AC65E1B71E8}
		{5936C42C-BB11-4E3C-95FB-725319DF9315} = {0D836B68-6568-4B2F-97E3-CA9A70550808}
		{5A21B536-57D5-4EF4-8170-19EE05E10470} = {0D836B68-6568-4B2F-97E3-CA9A70550808}
		{1E7CCB30-C29A-4F91-A4E6-043A90CDBEC4} = {0D836B68-6568-4B2F-97E3-CA9A70550808}
		{E0711971-71CE-4530-88ED-86FB894894FD} = {35F1742E-E9C3-4BCB-AB3A-7B01078DEE64}
		{FA171A00-8D14-4901-A0D5-765C6523AE09} = {35F1742E-E9C3-4BCB-AB3A-7B01078DEE64}
		{9F928886-BB82-408B-8F63-04050083435E} = {35F1742E-E9C3-4BCB-AB3A-7B01078DEE64}
		{84988423-7AD5-4023-AD40-20BE98C837F5} = {1D81C124-1D5B-4E6B-BDCD-3CCACF3DC2B1}
		{53117E44-0EE1-4BAC-88B7-BEB6B1EF1CF6} = {1D81C124-1D5B-4E6B-BDCD-3CCACF3DC2B1}
		{F22DDA20-1A2E-4EC4-97EC-CB70E178F51C} = {1D81C124-1D5B-4E6B-BDCD-3CCACF3DC2B1}
		{D43CB8A9-0178-44C7-ABBE-5C08D651284E} = {84549CC2-7BFB-4529-90CD-AF2892DCDF01}
		{A411443E-7977-4190-8D55-F03A67542D2E} = {84549CC2-7BFB-4529-90CD-AF2892DCDF01}
		{55E40C6A-4E6E-4ACA-9169-ACCA19FDCD35} = {84549CC2-7BFB-4529-90CD-AF2892DCDF01}
		{8C4643D7-4AD4-487A-825C-CBA10CF7CDE7} = {E00C59D4-D2A7-4581-8C29-E4FE67959382}
		{BA4184A9-7752-4DE8-92F6-4A116A7ECD33} = {E00C59D4-D2A7-4581-8C29-E4FE67959382}
		{314C1D37-9DF5-4CA9-BFF1-C478C6E447B5} = {E00C59D4-D2A7-4581-8C29-E4FE67959382}
		{0F6F4C11-9C6E-4922-9925-5AA0550B9B74} = {9294381E-F7F7-49AA-8E76-AD2698D57D66}
		{66DA819F-6687-4F9A-BE33-3F4E665138AB} = {9294381E-F7F7-49AA-8E76-AD2698D57D66}
		{64EA9FC8-53E5-4D14-8F94-6269F0F473BF} = {9294381E-F7F7-49AA-8E76-AD2698D57D66}
		{5BC498B9-C99F-4DE8-A722-45EEA9B81CC6} = {55791BE7-BF37-487D-84AF-26D7171E364A}
		{9DBE82B6-3CB4-48BB-97AC-E07B3B7E91B3} = {55791BE7-BF37-487D-84AF-26D7171E364A}
		{E02BF108-F2A3-496C-A8F5-12BBACB800A5} = {55791BE7-BF37-487D-84AF-26D7171E364A}
	EndGlobalSection
	GlobalSection(ExtensibilityGlobals) = postSolution
		SolutionGuid = {F58F2CEE-5D12-4B51-92DD-D7604783BB6A}
	EndGlobalSection
EndGlobal
